# THIS IS AN AUTOGENERATED FILE. DO NOT EDIT THIS FILE DIRECTLY.
# yarn lockfile v1


lucide-react@^0.562.0:
  version "0.562.0"
  resolved "https://registry.yarnpkg.com/lucide-react/-/lucide-react-0.562.0.tgz#217796c2f57624f012b484ea7f08505067c90d51"
  integrity sha512-82hOAu7y0dbVuFfmO4bYF1XEwYk/mEbM5E+b1jgci/udUBEE/R7LF5Ip0CCEmXe8AybRM8L+04eP+LGZeDvkiw==
